{
  "lib/forge-std": {
    "tag": {
      "name": "v1.10.0",
      "rev": "8bbcf6e3f8f62f419e5429a0bd89331c85c37824"
    }
  },
  "lib/lib-keccak": {
    "rev": "b1c60dc34b927e69be7e2281cc07dc065409e1fe"
  },
  "lib/openzeppelin-contracts": {
    "tag": {
      "name": "v4.7.3",
      "rev": "ecd2ca2cd7cac116f7a37d0e474bbb3d7d5e1c4d"
    }
  },
  "lib/openzeppelin-contracts-upgradeable": {
    "tag": {
      "name": "v4.7.3",
      "rev": "0a2cb9a445c365870ed7a8ab461b12acf3e27d63"
    }
  },
  "lib/optimism": {
    "tag": {
      "name": "op-contracts/v4.1.0-rc.2",
      "rev": "475801690f7a451469ee4da87b5fe3c54c92f372"
    }
  },
  "lib/solady": {
    "tag": {
      "name": "v0.1.26",
      "rev": "acd959aa4bd04720d640bf4e6a5c71037510cc4b"
    }
  },
  "lib/sp1-contracts": {
    "rev": "dd93a9932dd6a627dd5b8f91e668a61fdc6618f5"
  }
}