{
  "../contracts/lib/forge-std": {
    "rev": "77041d2ce690e692d6e03cc812b57d1ddaa4d505"
  },
  "../contracts/lib/openzeppelin-contracts": {
    "rev": "c64a1edb67b6e3f4a15cca8909c9482ad33a02b0"
  },
  "lib/forge-std": {
    "tag": {
      "name": "v1.10.0",
      "rev": "8bbcf6e3f8f62f419e5429a0bd89331c85c37824"
    }
  },
  "lib/lib-keccak": {
    "rev": "b1c60dc34b927e69be7e2281cc07dc065409e1fe"
  },
  "lib/openzeppelin-contracts": {
    "tag": {
      "name": "v4.9.3",
      "rev": "fd81a96f01cc42ef1c9a5399364968d0e07e9e90"
    }
  },
  "lib/openzeppelin-contracts-upgradeable": {
    "tag": {
      "name": "v4.9.3",
      "rev": "3d4c0d5741b131c231e558d7a6213392ab3672a5"
    }
  },
  "lib/optimism": {
    "tag": {
      "name": "op-contracts/v4.1.0-rc.2",
      "rev": "475801690f7a451469ee4da87b5fe3c54c92f372"
    }
  },
  "lib/solady": {
    "tag": {
      "name": "v0.1.26",
      "rev": "acd959aa4bd04720d640bf4e6a5c71037510cc4b"
    }
  },
  "lib/sp1-contracts": {
    "rev": "dd93a9932dd6a627dd5b8f91e668a61fdc6618f5"
  }
}